PODS:
  - AImage (1.0.0)
  - Alamofire (4.2.0)
  - APNGKit (0.5.0)
  - SCLAlertView (0.7.0)
  - SwiftSpinner (1.1.0)
  - SwiftyJSON (3.1.3)

DEPENDENCIES:
  - AImage (from `https://github.com/wangjwchn/AImage`, branch `Swift3`)
  - Alamofire (~> 4.0)
  - APNGKit (~> 0.5)
  - SCLAlertView
  - SwiftSpinner
  - SwiftyJSON

EXTERNAL SOURCES:
  AImage:
    :branch: Swift3
    :git: https://github.com/wangjwchn/AImage

CHECKOUT OPTIONS:
  AImage:
    :commit: c2854552cbb88511b2ef34794a6f8cca38239195
    :git: https://github.com/wangjwchn/AImage

SPEC CHECKSUMS:
  AImage: 67dd5909d0782adbd03719b88dcd3414d43199b6
  Alamofire: aa2e09d871c9160ac53c90e83c68064a94e3dfbe
  APNGKit: a66c1d9fb4a0b9ead992a6ffd3d48f85fee9df4a
  SCLAlertView: 8a14ffc40590c619e183eed2298b854385f30be1
  SwiftSpinner: c03815614599b91eea46594bd52ba742849d0414
  SwiftyJSON: 38a8ea2006779c0fc4c310cb2ee8195327740faf

PODFILE CHECKSUM: d1f48c37240a483c42f47f008a49201927555a8a

COCOAPODS: 1.2.1.beta.1
