PODS:
  - AImage (1.1.0)
  - Alamofire (4.9.1)
  - APNGKit (1.1.3)
  - SCLAlertView (0.8.1)
  - SwiftSpinner (2.1.0)
  - SwiftyJSON (5.0.0)
  - TouchVisualizer (3.0.2)
  - Zip (1.1.0)

DEPENDENCIES:
  - "AImage (from `git@github.com:Yuya-Tominaga-VIT/AImage.git`, branch `Swift4.2`)"
  - Alamofire (~> 4.0)
  - APNGKit
  - SCLAlertView (from `https://github.com/vikmeup/SCLAlertView-Swift.git`, branch `0.8.1`)
  - SwiftSpinner
  - SwiftyJSON
  - TouchVisualizer (from `https://github.com/morizotter/TouchVisualizer.git`)
  - Zip

SPEC REPOS:
  https://github.com/cocoapods/specs.git:
    - Alamofire
    - APNGKit
    - SwiftSpinner
    - SwiftyJSON
    - Zip

EXTERNAL SOURCES:
  AImage:
    :branch: Swift4.2
    :git: "git@github.com:Yuya-Tominaga-VIT/AImage.git"
  SCLAlertView:
    :branch: 0.8.1
    :git: https://github.com/vikmeup/SCLAlertView-Swift.git
  TouchVisualizer:
    :git: https://github.com/morizotter/TouchVisualizer.git

CHECKOUT OPTIONS:
  AImage:
    :commit: 64b77271373e2dacf4603f1aed469a166d6a0e5e
    :git: "git@github.com:Yuya-Tominaga-VIT/AImage.git"
  SCLAlertView:
    :commit: 17f7c90dfc9c7f15564e84621d48441d403323ee
    :git: https://github.com/vikmeup/SCLAlertView-Swift.git
  TouchVisualizer:
    :commit: 7abc28eb80ff5c41d803dc78cb68098a34bfff8d
    :git: https://github.com/morizotter/TouchVisualizer.git

SPEC CHECKSUMS:
  AImage: 820dc5319fc86a888a7724e8f54dff8a16d54d49
  Alamofire: 85e8a02c69d6020a0d734f6054870d7ecb75cf18
  APNGKit: fbf5270804a2861f451ca27cf1cce0893b13fbf5
  SCLAlertView: 9603594eeae6f8f38f67f486c841d0d397ef641f
  SwiftSpinner: 0f15c006307f8d8bbac075638927ec1361b565d7
  SwiftyJSON: 36413e04c44ee145039d332b4f4e2d3e8d6c4db7
  TouchVisualizer: 9e17108c80089feee20203eb34b430bf397473e1
  Zip: 8877eede3dda76bcac281225c20e71c25270774c

PODFILE CHECKSUM: d83cbf0d64356818907dca26fe9198beb29ee274

COCOAPODS: 1.7.5
